
Microsoft Visual Studio Solution File, Format Version 12.00
# Visual Studio Version 16
VisualStudioVersion = 16.0.29009.5
MinimumVisualStudioVersion = 10.0.40219.1
Project("{FAE04EC0-301F-11D3-BF4B-00C04F79EFBC}") = "Interfaz", "Interfaz.csproj", "{A736B1F3-D77C-49D9-8F00-601232435FA6}"
EndProject
Global
	GlobalSection(SolutionConfigurationPlatforms) = preSolution
		Debug|Any CPU = Debug|Any CPU
		Release|Any CPU = Release|Any CPU
	EndGlobalSection
	GlobalSection(ProjectConfigurationPlatforms) = postSolution
		{A736B1F3-D77C-49D9-8F00-601232435FA6}.Debug|Any CPU.ActiveCfg = Debug|Any CPU
		{A736B1F3-D77C-49D9-8F00-601232435FA6}.Debug|Any CPU.Build.0 = Debug|Any CPU
		{A736B1F3-D77C-49D9-8F00-601232435FA6}.Release|Any CPU.ActiveCfg = Release|Any CPU
		{A736B1F3-D77C-49D9-8F00-601232435FA6}.Release|Any CPU.Build.0 = Release|Any CPU
	EndGlobalSection
	GlobalSection(SolutionProperties) = preSolution
		HideSolutionNode = FALSE
	EndGlobalSection
	GlobalSection(ExtensibilityGlobals) = postSolution
		SolutionGuid = {06C23936-D3F0-4F53-9D0A-B042AEAAB144}
	EndGlobalSection
EndGlobal
